// !$*UTF8*$!
{
	archiveVersion = 1;
	classes = {
	};
	objectVersion = 46;
	objects = {

/* Begin PBXBuildFile section */
		36DC633418764CEF00D1F8CF /* Foundation.framework in Frameworks */ = {isa = PBXBuildFile; fileRef = 36DC633318764CEF00D1F8CF /* Foundation.framework */; };
		36DC633618764CEF00D1F8CF /* CoreGraphics.framework in Frameworks */ = {isa = PBXBuildFile; fileRef = 36DC633518764CEF00D1F8CF /* CoreGraphics.framework */; };
		36DC633818764CEF00D1F8CF /* UIKit.framework in Frameworks */ = {isa = PBXBuildFile; fileRef = 36DC633718764CEF00D1F8CF /* UIKit.framework */; };
		36DC633E18764CEF00D1F8CF /* InfoPlist.strings in Resources */ = {isa = PBXBuildFile; fileRef = 36DC633C18764CEF00D1F8CF /* InfoPlist.strings */; };
		36DC634018764CEF00D1F8CF /* main.m in Sources */ = {isa = PBXBuildFile; fileRef = 36DC633F18764CEF00D1F8CF /* main.m */; };
		36DC634418764CEF00D1F8CF /* AppDelegate.m in Sources */ = {isa = PBXBuildFile; fileRef = 36DC634318764CEF00D1F8CF /* AppDelegate.m */; };
		36DC634718764CEF00D1F8CF /* Main_iPhone.storyboard in Resources */ = {isa = PBXBuildFile; fileRef = 36DC634518764CEF00D1F8CF /* Main_iPhone.storyboard */; };
		36DC634A18764CEF00D1F8CF /* Main_iPad.storyboard in Resources */ = {isa = PBXBuildFile; fileRef = 36DC634818764CEF00D1F8CF /* Main_iPad.storyboard */; };
		36DC634D18764CEF00D1F8CF /* ViewController.m in Sources */ = {isa = PBXBuildFile; fileRef = 36DC634C18764CEF00D1F8CF /* ViewController.m */; };
		36DC634F18764CEF00D1F8CF /* Images.xcassets in Resources */ = {isa = PBXBuildFile; fileRef = 36DC634E18764CEF00D1F8CF /* Images.xcassets */; };
		36DC635618764CEF00D1F8CF /* XCTest.framework in Frameworks */ = {isa = PBXBuildFile; fileRef = 36DC635518764CEF00D1F8CF /* XCTest.framework */; };
		36DC635718764CEF00D1F8CF /* Foundation.framework in Frameworks */ = {isa = PBXBuildFile; fileRef = 36DC633318764CEF00D1F8CF /* Foundation.framework */; };
		36DC635818764CEF00D1F8CF /* UIKit.framework in Frameworks */ = {isa = PBXBuildFile; fileRef = 36DC633718764CEF00D1F8CF /* UIKit.framework */; };
		36DC636018764CEF00D1F8CF /* InfoPlist.strings in Resources */ = {isa = PBXBuildFile; fileRef = 36DC635E18764CEF00D1F8CF /* InfoPlist.strings */; };
		36DC636218764CEF00D1F8CF /* BlueClientTests.m in Sources */ = {isa = PBXBuildFile; fileRef = 36DC636118764CEF00D1F8CF /* BlueClientTests.m */; };
		36DC636C18764D0100D1F8CF /* CoreBluetooth.framework in Frameworks */ = {isa = PBXBuildFile; fileRef = 36DC636B18764D0100D1F8CF /* CoreBluetooth.framework */; };
/* End PBXBuildFile section */

/* Begin PBXContainerItemProxy section */
		36DC635918764CEF00D1F8CF /* PBXContainerItemProxy */ = {
			isa = PBXContainerItemProxy;
			containerPortal = 36DC632818764CEF00D1F8CF /* Project object */;
			proxyType = 1;
			remoteGlobalIDString = 36DC632F18764CEF00D1F8CF;
			remoteInfo = BlueClient;
		};
/* End PBXContainerItemProxy section */

/* Begin PBXFileReference section */
		36DC633018764CEF00D1F8CF /* BlueClient.app */ = {isa = PBXFileReference; explicitFileType = wrapper.application; includeInIndex = 0; path = BlueClient.app; sourceTree = BUILT_PRODUCTS_DIR; };
		36DC633318764CEF00D1F8CF /* Foundation.framework */ = {isa = PBXFileReference; lastKnownFileType = wrapper.framework; name = Foundation.framework; path = System/Library/Frameworks/Foundation.framework; sourceTree = SDKROOT; };
		36DC633518764CEF00D1F8CF /* CoreGraphics.framework */ = {isa = PBXFileReference; lastKnownFileType = wrapper.framework; name = CoreGraphics.framework; path = System/Library/Frameworks/CoreGraphics.framework; sourceTree = SDKROOT; };
		36DC633718764CEF00D1F8CF /* UIKit.framework */ = {isa = PBXFileReference; lastKnownFileType = wrapper.framework; name = UIKit.framework; path = System/Library/Frameworks/UIKit.framework; sourceTree = SDKROOT; };
		36DC633B18764CEF00D1F8CF /* BlueClient-Info.plist */ = {isa = PBXFileReference; lastKnownFileType = text.plist.xml; path = "BlueClient-Info.plist"; sourceTree = "<group>"; };
		36DC633D18764CEF00D1F8CF /* en */ = {isa = PBXFileReference; lastKnownFileType = text.plist.strings; name = en; path = en.lproj/InfoPlist.strings; sourceTree = "<group>"; };
		36DC633F18764CEF00D1F8CF /* main.m */ = {isa = PBXFileReference; lastKnownFileType = sourcecode.c.objc; path = main.m; sourceTree = "<group>"; };
		36DC634118764CEF00D1F8CF /* BlueClient-Prefix.pch */ = {isa = PBXFileReference; lastKnownFileType = sourcecode.c.h; path = "BlueClient-Prefix.pch"; sourceTree = "<group>"; };
		36DC634218764CEF00D1F8CF /* AppDelegate.h */ = {isa = PBXFileReference; lastKnownFileType = sourcecode.c.h; path = AppDelegate.h; sourceTree = "<group>"; };
		36DC634318764CEF00D1F8CF /* AppDelegate.m */ = {isa = PBXFileReference; lastKnownFileType = sourcecode.c.objc; path = AppDelegate.m; sourceTree = "<group>"; };
		36DC634618764CEF00D1F8CF /* Base */ = {isa = PBXFileReference; lastKnownFileType = file.storyboard; name = Base; path = Base.lproj/Main_iPhone.storyboard; sourceTree = "<group>"; };
		36DC634918764CEF00D1F8CF /* Base */ = {isa = PBXFileReference; lastKnownFileType = file.storyboard; name = Base; path = Base.lproj/Main_iPad.storyboard; sourceTree = "<group>"; };
		36DC634B18764CEF00D1F8CF /* ViewController.h */ = {isa = PBXFileReference; lastKnownFileType = sourcecode.c.h; path = ViewController.h; sourceTree = "<group>"; };
		36DC634C18764CEF00D1F8CF /* ViewController.m */ = {isa = PBXFileReference; lastKnownFileType = sourcecode.c.objc; path = ViewController.m; sourceTree = "<group>"; };
		36DC634E18764CEF00D1F8CF /* Images.xcassets */ = {isa = PBXFileReference; lastKnownFileType = folder.assetcatalog; path = Images.xcassets; sourceTree = "<group>"; };
		36DC635418764CEF00D1F8CF /* BlueClientTests.xctest */ = {isa = PBXFileReference; explicitFileType = wrapper.cfbundle; includeInIndex = 0; path = BlueClientTests.xctest; sourceTree = BUILT_PRODUCTS_DIR; };
		36DC635518764CEF00D1F8CF /* XCTest.framework */ = {isa = PBXFileReference; lastKnownFileType = wrapper.framework; name = XCTest.framework; path = Library/Frameworks/XCTest.framework; sourceTree = DEVELOPER_DIR; };
		36DC635D18764CEF00D1F8CF /* BlueClientTests-Info.plist */ = {isa = PBXFileReference; lastKnownFileType = text.plist.xml; path = "BlueClientTests-Info.plist"; sourceTree = "<group>"; };
		36DC635F18764CEF00D1F8CF /* en */ = {isa = PBXFileReference; lastKnownFileType = text.plist.strings; name = en; path = en.lproj/InfoPlist.strings; sourceTree = "<group>"; };
		36DC636118764CEF00D1F8CF /* BlueClientTests.m */ = {isa = PBXFileReference; lastKnownFileType = sourcecode.c.objc; path = BlueClientTests.m; sourceTree = "<group>"; };
		36DC636B18764D0100D1F8CF /* CoreBluetooth.framework */ = {isa = PBXFileReference; lastKnownFileType = wrapper.framework; name = CoreBluetooth.framework; path = System/Library/Frameworks/CoreBluetooth.framework; sourceTree = SDKROOT; };
/* End PBXFileReference section */

/* Begin PBXFrameworksBuildPhase section */
		36DC632D18764CEF00D1F8CF /* Frameworks */ = {
			isa = PBXFrameworksBuildPhase;
			buildActionMask = 2147483647;
			files = (
				36DC636C18764D0100D1F8CF /* CoreBluetooth.framework in Frameworks */,
				36DC633618764CEF00D1F8CF /* CoreGraphics.framework in Frameworks */,
				36DC633818764CEF00D1F8CF /* UIKit.framework in Frameworks */,
				36DC633418764CEF00D1F8CF /* Foundation.framework in Frameworks */,
			);
			runOnlyForDeploymentPostprocessing = 0;
		};
		36DC635118764CEF00D1F8CF /* Frameworks */ = {
			isa = PBXFrameworksBuildPhase;
			buildActionMask = 2147483647;
			files = (
				36DC635618764CEF00D1F8CF /* XCTest.framework in Frameworks */,
				36DC635818764CEF00D1F8CF /* UIKit.framework in Frameworks */,
				36DC635718764CEF00D1F8CF /* Foundation.framework in Frameworks */,
			);
			runOnlyForDeploymentPostprocessing = 0;
		};
/* End PBXFrameworksBuildPhase section */

/* Begin PBXGroup section */
		36DC632718764CEF00D1F8CF = {
			isa = PBXGroup;
			children = (
				36DC633918764CEF00D1F8CF /* BlueClient */,
				36DC635B18764CEF00D1F8CF /* BlueClientTests */,
				36DC633218764CEF00D1F8CF /* Frameworks */,
				36DC633118764CEF00D1F8CF /* Products */,
			);
			sourceTree = "<group>";
		};
		36DC633118764CEF00D1F8CF /* Products */ = {
			isa = PBXGroup;
			children = (
				36DC633018764CEF00D1F8CF /* BlueClient.app */,
				36DC635418764CEF00D1F8CF /* BlueClientTests.xctest */,
			);
			name = Products;
			sourceTree = "<group>";
		};
		36DC633218764CEF00D1F8CF /* Frameworks */ = {
			isa = PBXGroup;
			children = (
				36DC636B18764D0100D1F8CF /* CoreBluetooth.framework */,
				36DC633318764CEF00D1F8CF /* Foundation.framework */,
				36DC633518764CEF00D1F8CF /* CoreGraphics.framework */,
				36DC633718764CEF00D1F8CF /* UIKit.framework */,
				36DC635518764CEF00D1F8CF /* XCTest.framework */,
			);
			name = Frameworks;
			sourceTree = "<group>";
		};
		36DC633918764CEF00D1F8CF /* BlueClient */ = {
			isa = PBXGroup;
			children = (
				36DC634218764CEF00D1F8CF /* AppDelegate.h */,
				36DC634318764CEF00D1F8CF /* AppDelegate.m */,
				36DC634518764CEF00D1F8CF /* Main_iPhone.storyboard */,
				36DC634818764CEF00D1F8CF /* Main_iPad.storyboard */,
				36DC634B18764CEF00D1F8CF /* ViewController.h */,
				36DC634C18764CEF00D1F8CF /* ViewController.m */,
				36DC634E18764CEF00D1F8CF /* Images.xcassets */,
				36DC633A18764CEF00D1F8CF /* Supporting Files */,
			);
			path = BlueClient;
			sourceTree = "<group>";
		};
		36DC633A18764CEF00D1F8CF /* Supporting Files */ = {
			isa = PBXGroup;
			children = (
				36DC633B18764CEF00D1F8CF /* BlueClient-Info.plist */,
				36DC633C18764CEF00D1F8CF /* InfoPlist.strings */,
				36DC633F18764CEF00D1F8CF /* main.m */,
				36DC634118764CEF00D1F8CF /* BlueClient-Prefix.pch */,
			);
			name = "Supporting Files";
			sourceTree = "<group>";
		};
		36DC635B18764CEF00D1F8CF /* BlueClientTests */ = {
			isa = PBXGroup;
			children = (
				36DC636118764CEF00D1F8CF /* BlueClientTests.m */,
				36DC635C18764CEF00D1F8CF /* Supporting Files */,
			);
			path = BlueClientTests;
			sourceTree = "<group>";
		};
		36DC635C18764CEF00D1F8CF /* Supporting Files */ = {
			isa = PBXGroup;
			children = (
				36DC635D18764CEF00D1F8CF /* BlueClientTests-Info.plist */,
				36DC635E18764CEF00D1F8CF /* InfoPlist.strings */,
			);
			name = "Supporting Files";
			sourceTree = "<group>";
		};
/* End PBXGroup section */

/* Begin PBXNativeTarget section */
		36DC632F18764CEF00D1F8CF /* BlueClient */ = {
			isa = PBXNativeTarget;
			buildConfigurationList = 36DC636518764CEF00D1F8CF /* Build configuration list for PBXNativeTarget "BlueClient" */;
			buildPhases = (
				36DC632C18764CEF00D1F8CF /* Sources */,
				36DC632D18764CEF00D1F8CF /* Frameworks */,
				36DC632E18764CEF00D1F8CF /* Resources */,
			);
			buildRules = (
			);
			dependencies = (
			);
			name = BlueClient;
			productName = BlueClient;
			productReference = 36DC633018764CEF00D1F8CF /* BlueClient.app */;
			productType = "com.apple.product-type.application";
		};
		36DC635318764CEF00D1F8CF /* BlueClientTests */ = {
			isa = PBXNativeTarget;
			buildConfigurationList = 36DC636818764CEF00D1F8CF /* Build configuration list for PBXNativeTarget "BlueClientTests" */;
			buildPhases = (
				36DC635018764CEF00D1F8CF /* Sources */,
				36DC635118764CEF00D1F8CF /* Frameworks */,
				36DC635218764CEF00D1F8CF /* Resources */,
			);
			buildRules = (
			);
			dependencies = (
				36DC635A18764CEF00D1F8CF /* PBXTargetDependency */,
			);
			name = BlueClientTests;
			productName = BlueClientTests;
			productReference = 36DC635418764CEF00D1F8CF /* BlueClientTests.xctest */;
			productType = "com.apple.product-type.bundle.unit-test";
		};
/* End PBXNativeTarget section */

/* Begin PBXProject section */
		36DC632818764CEF00D1F8CF /* Project object */ = {
			isa = PBXProject;
			attributes = {
				LastUpgradeCheck = 0500;
				ORGANIZATIONNAME = IntSig;
				TargetAttributes = {
					36DC635318764CEF00D1F8CF = {
						TestTargetID = 36DC632F18764CEF00D1F8CF;
					};
				};
			};
			buildConfigurationList = 36DC632B18764CEF00D1F8CF /* Build configuration list for PBXProject "BlueClient" */;
			compatibilityVersion = "Xcode 3.2";
			developmentRegion = English;
			hasScannedForEncodings = 0;
			knownRegions = (
				en,
				Base,
			);
			mainGroup = 36DC632718764CEF00D1F8CF;
			productRefGroup = 36DC633118764CEF00D1F8CF /* Products */;
			projectDirPath = "";
			projectRoot = "";
			targets = (
				36DC632F18764CEF00D1F8CF /* BlueClient */,
				36DC635318764CEF00D1F8CF /* BlueClientTests */,
			);
		};
/* End PBXProject section */

/* Begin PBXResourcesBuildPhase section */
		36DC632E18764CEF00D1F8CF /* Resources */ = {
			isa = PBXResourcesBuildPhase;
			buildActionMask = 2147483647;
			files = (
				36DC634A18764CEF00D1F8CF /* Main_iPad.storyboard in Resources */,
				36DC634F18764CEF00D1F8CF /* Images.xcassets in Resources */,
				36DC634718764CEF00D1F8CF /* Main_iPhone.storyboard in Resources */,
				36DC633E18764CEF00D1F8CF /* InfoPlist.strings in Resources */,
			);
			runOnlyForDeploymentPostprocessing = 0;
		};
		36DC635218764CEF00D1F8CF /* Resources */ = {
			isa = PBXResourcesBuildPhase;
			buildActionMask = 2147483647;
			files = (
				36DC636018764CEF00D1F8CF /* InfoPlist.strings in Resources */,
			);
			runOnlyForDeploymentPostprocessing = 0;
		};
/* End PBXResourcesBuildPhase section */

/* Begin PBXSourcesBuildPhase section */
		36DC632C18764CEF00D1F8CF /* Sources */ = {
			isa = PBXSourcesBuildPhase;
			buildActionMask = 2147483647;
			files = (
				36DC634D18764CEF00D1F8CF /* ViewController.m in Sources */,
				36DC634418764CEF00D1F8CF /* AppDelegate.m in Sources */,
				36DC634018764CEF00D1F8CF /* main.m in Sources */,
			);
			runOnlyForDeploymentPostprocessing = 0;
		};
		36DC635018764CEF00D1F8CF /* Sources */ = {
			isa = PBXSourcesBuildPhase;
			buildActionMask = 2147483647;
			files = (
				36DC636218764CEF00D1F8CF /* BlueClientTests.m in Sources */,
			);
			runOnlyForDeploymentPostprocessing = 0;
		};
/* End PBXSourcesBuildPhase section */

/* Begin PBXTargetDependency section */
		36DC635A18764CEF00D1F8CF /* PBXTargetDependency */ = {
			isa = PBXTargetDependency;
			target = 36DC632F18764CEF00D1F8CF /* BlueClient */;
			targetProxy = 36DC635918764CEF00D1F8CF /* PBXContainerItemProxy */;
		};
/* End PBXTargetDependency section */

/* Begin PBXVariantGroup section */
		36DC633C18764CEF00D1F8CF /* InfoPlist.strings */ = {
			isa = PBXVariantGroup;
			children = (
				36DC633D18764CEF00D1F8CF /* en */,
			);
			name = InfoPlist.strings;
			sourceTree = "<group>";
		};
		36DC634518764CEF00D1F8CF /* Main_iPhone.storyboard */ = {
			isa = PBXVariantGroup;
			children = (
				36DC634618764CEF00D1F8CF /* Base */,
			);
			name = Main_iPhone.storyboard;
			sourceTree = "<group>";
		};
		36DC634818764CEF00D1F8CF /* Main_iPad.storyboard */ = {
			isa = PBXVariantGroup;
			children = (
				36DC634918764CEF00D1F8CF /* Base */,
			);
			name = Main_iPad.storyboard;
			sourceTree = "<group>";
		};
		36DC635E18764CEF00D1F8CF /* InfoPlist.strings */ = {
			isa = PBXVariantGroup;
			children = (
				36DC635F18764CEF00D1F8CF /* en */,
			);
			name = InfoPlist.strings;
			sourceTree = "<group>";
		};
/* End PBXVariantGroup section */

/* Begin XCBuildConfiguration section */
		36DC636318764CEF00D1F8CF /* Debug */ = {
			isa = XCBuildConfiguration;
			buildSettings = {
				ALWAYS_SEARCH_USER_PATHS = NO;
				ARCHS = "$(ARCHS_STANDARD_INCLUDING_64_BIT)";
				CLANG_CXX_LANGUAGE_STANDARD = "gnu++0x";
				CLANG_CXX_LIBRARY = "libc++";
				CLANG_ENABLE_MODULES = YES;
				CLANG_ENABLE_OBJC_ARC = YES;
				CLANG_WARN_BOOL_CONVERSION = YES;
				CLANG_WARN_CONSTANT_CONVERSION = YES;
				CLANG_WARN_DIRECT_OBJC_ISA_USAGE = YES_ERROR;
				CLANG_WARN_EMPTY_BODY = YES;
				CLANG_WARN_ENUM_CONVERSION = YES;
				CLANG_WARN_INT_CONVERSION = YES;
				CLANG_WARN_OBJC_ROOT_CLASS = YES_ERROR;
				CLANG_WARN__DUPLICATE_METHOD_MATCH = YES;
				"CODE_SIGN_IDENTITY[sdk=iphoneos*]" = "iPhone Developer";
				COPY_PHASE_STRIP = NO;
				GCC_C_LANGUAGE_STANDARD = gnu99;
				GCC_DYNAMIC_NO_PIC = NO;
				GCC_OPTIMIZATION_LEVEL = 0;
				GCC_PREPROCESSOR_DEFINITIONS = (
					"DEBUG=1",
					"$(inherited)",
				);
				GCC_SYMBOLS_PRIVATE_EXTERN = NO;
				GCC_WARN_64_TO_32_BIT_CONVERSION = YES;
				GCC_WARN_ABOUT_RETURN_TYPE = YES_ERROR;
				GCC_WARN_UNDECLARED_SELECTOR = YES;
				GCC_WARN_UNINITIALIZED_AUTOS = YES;
				GCC_WARN_UNUSED_FUNCTION = YES;
				GCC_WARN_UNUSED_VARIABLE = YES;
				IPHONEOS_DEPLOYMENT_TARGET = 7.0;
				ONLY_ACTIVE_ARCH = YES;
				SDKROOT = iphoneos;
				TARGETED_DEVICE_FAMILY = "1,2";
			};
			name = Debug;
		};
		36DC636418764CEF00D1F8CF /* Release */ = {
			isa = XCBuildConfiguration;
			buildSettings = {
				ALWAYS_SEARCH_USER_PATHS = NO;
				ARCHS = "$(ARCHS_STANDARD_INCLUDING_64_BIT)";
				CLANG_CXX_LANGUAGE_STANDARD = "gnu++0x";
				CLANG_CXX_LIBRARY = "libc++";
				CLANG_ENABLE_MODULES = YES;
				CLANG_ENABLE_OBJC_ARC = YES;
				CLANG_WARN_BOOL_CONVERSION = YES;
				CLANG_WARN_CONSTANT_CONVERSION = YES;
				CLANG_WARN_DIRECT_OBJC_ISA_USAGE = YES_ERROR;
				CLANG_WARN_EMPTY_BODY = YES;
				CLANG_WARN_ENUM_CONVERSION = YES;
				CLANG_WARN_INT_CONVERSION = YES;
				CLANG_WARN_OBJC_ROOT_CLASS = YES_ERROR;
				CLANG_WARN__DUPLICATE_METHOD_MATCH = YES;
				"CODE_SIGN_IDENTITY[sdk=iphoneos*]" = "iPhone Developer";
				COPY_PHASE_STRIP = YES;
				ENABLE_NS_ASSERTIONS = NO;
				GCC_C_LANGUAGE_STANDARD = gnu99;
				GCC_WARN_64_TO_32_BIT_CONVERSION = YES;
				GCC_WARN_ABOUT_RETURN_TYPE = YES_ERROR;
				GCC_WARN_UNDECLARED_SELECTOR = YES;
				GCC_WARN_UNINITIALIZED_AUTOS = YES;
				GCC_WARN_UNUSED_FUNCTION = YES;
				GCC_WARN_UNUSED_VARIABLE = YES;
				IPHONEOS_DEPLOYMENT_TARGET = 7.0;
				SDKROOT = iphoneos;
				TARGETED_DEVICE_FAMILY = "1,2";
				VALIDATE_PRODUCT = YES;
			};
			name = Release;
		};
		36DC636618764CEF00D1F8CF /* Debug */ = {
			isa = XCBuildConfiguration;
			buildSettings = {
				ASSETCATALOG_COMPILER_APPICON_NAME = AppIcon;
				ASSETCATALOG_COMPILER_LAUNCHIMAGE_NAME = LaunchImage;
				GCC_PRECOMPILE_PREFIX_HEADER = YES;
				GCC_PREFIX_HEADER = "BlueClient/BlueClient-Prefix.pch";
				INFOPLIST_FILE = "BlueClient/BlueClient-Info.plist";
				IPHONEOS_DEPLOYMENT_TARGET = 6.1;
				PRODUCT_NAME = "$(TARGET_NAME)";
				TARGETED_DEVICE_FAMILY = 1;
				WRAPPER_EXTENSION = app;
			};
			name = Debug;
		};
		36DC636718764CEF00D1F8CF /* Release */ = {
			isa = XCBuildConfiguration;
			buildSettings = {
				ASSETCATALOG_COMPILER_APPICON_NAME = AppIcon;
				ASSETCATALOG_COMPILER_LAUNCHIMAGE_NAME = LaunchImage;
				GCC_PRECOMPILE_PREFIX_HEADER = YES;
				GCC_PREFIX_HEADER = "BlueClient/BlueClient-Prefix.pch";
				INFOPLIST_FILE = "BlueClient/BlueClient-Info.plist";
				IPHONEOS_DEPLOYMENT_TARGET = 6.1;
				PRODUCT_NAME = "$(TARGET_NAME)";
				TARGETED_DEVICE_FAMILY = 1;
				WRAPPER_EXTENSION = app;
			};
			name = Release;
		};
		36DC636918764CEF00D1F8CF /* Debug */ = {
			isa = XCBuildConfiguration;
			buildSettings = {
				ARCHS = "$(ARCHS_STANDARD_INCLUDING_64_BIT)";
				BUNDLE_LOADER = "$(BUILT_PRODUCTS_DIR)/BlueClient.app/BlueClient";
				FRAMEWORK_SEARCH_PATHS = (
					"$(SDKROOT)/Developer/Library/Frameworks",
					"$(inherited)",
					"$(DEVELOPER_FRAMEWORKS_DIR)",
				);
				GCC_PRECOMPILE_PREFIX_HEADER = YES;
				GCC_PREFIX_HEADER = "BlueClient/BlueClient-Prefix.pch";
				GCC_PREPROCESSOR_DEFINITIONS = (
					"DEBUG=1",
					"$(inherited)",
				);
				INFOPLIST_FILE = "BlueClientTests/BlueClientTests-Info.plist";
				PRODUCT_NAME = "$(TARGET_NAME)";
				TEST_HOST = "$(BUNDLE_LOADER)";
				WRAPPER_EXTENSION = xctest;
			};
			name = Debug;
		};
		36DC636A18764CEF00D1F8CF /* Release */ = {
			isa = XCBuildConfiguration;
			buildSettings = {
				ARCHS = "$(ARCHS_STANDARD_INCLUDING_64_BIT)";
				BUNDLE_LOADER = "$(BUILT_PRODUCTS_DIR)/BlueClient.app/BlueClient";
				FRAMEWORK_SEARCH_PATHS = (
					"$(SDKROOT)/Developer/Library/Frameworks",
					"$(inherited)",
					"$(DEVELOPER_FRAMEWORKS_DIR)",
				);
				GCC_PRECOMPILE_PREFIX_HEADER = YES;
				GCC_PREFIX_HEADER = "BlueClient/BlueClient-Prefix.pch";
				INFOPLIST_FILE = "BlueClientTests/BlueClientTests-Info.plist";
				PRODUCT_NAME = "$(TARGET_NAME)";
				TEST_HOST = "$(BUNDLE_LOADER)";
				WRAPPER_EXTENSION = xctest;
			};
			name = Release;
		};
/* End XCBuildConfiguration section */

/* Begin XCConfigurationList section */
		36DC632B18764CEF00D1F8CF /* Build configuration list for PBXProject "BlueClient" */ = {
			isa = XCConfigurationList;
			buildConfigurations = (
				36DC636318764CEF00D1F8CF /* Debug */,
				36DC636418764CEF00D1F8CF /* Release */,
			);
			defaultConfigurationIsVisible = 0;
			defaultConfigurationName = Release;
		};
		36DC636518764CEF00D1F8CF /* Build configuration list for PBXNativeTarget "BlueClient" */ = {
			isa = XCConfigurationList;
			buildConfigurations = (
				36DC636618764CEF00D1F8CF /* Debug */,
				36DC636718764CEF00D1F8CF /* Release */,
			);
			defaultConfigurationIsVisible = 0;
			defaultConfigurationName = Release;
		};
		36DC636818764CEF00D1F8CF /* Build configuration list for PBXNativeTarget "BlueClientTests" */ = {
			isa = XCConfigurationList;
			buildConfigurations = (
				36DC636918764CEF00D1F8CF /* Debug */,
				36DC636A18764CEF00D1F8CF /* Release */,
			);
			defaultConfigurationIsVisible = 0;
			defaultConfigurationName = Release;
		};
/* End XCConfigurationList section */
	};
	rootObject = 36DC632818764CEF00D1F8CF /* Project object */;
}
